<?xml version="1.0" encoding="utf-8"?>
<Project ToolsVersion="4.0" xmlns="http://schemas.microsoft.com/developer/msbuild/2003">
  <ItemGroup>
    <Filter Include="YourFiles">
      <UniqueIdentifier>{4FC737F1-C7A5-4376-A066-2A32D752A2FF}</UniqueIdentifier>
      <Extensions>cpp;c;cc;cxx;def;odl;idl;hpj;bat;asm;asmx</Extensions>
    </Filter>
    <Filter Include="MainGameFile">
      <UniqueIdentifier>{ca2be2fa-1483-4e56-8883-1c8e8a78a14c}</UniqueIdentifier>
    </Filter>
    <Filter Include="CORE">
      <UniqueIdentifier>{93995380-89BD-4b04-88EB-625FBE52EBFB}</UniqueIdentifier>
      <Extensions>h;hh;hpp;hxx;hm;inl;inc;ipp;xsd</Extensions>
    </Filter>
  </ItemGroup>
  <ItemGroup>
    <ClInclude Include="pch.h">
      <Filter>CORE</Filter>
    </ClInclude>
    <ClInclude Include="Game.h">
      <Filter>CORE</Filter>
    </ClInclude>
    <ClInclude Include="DigDugCharacter.h">
      <Filter>YourFiles</Filter>
    </ClInclude>
    <ClInclude Include="Prefabs.h">
      <Filter>YourFiles</Filter>
    </ClInclude>
    <ClInclude Include="InputResponses.h">
      <Filter>YourFiles</Filter>
    </ClInclude>
    <ClInclude Include="States.h">
      <Filter>YourFiles</Filter>
    </ClInclude>
    <ClInclude Include="CollisionResponses.h">
      <Filter>YourFiles</Filter>
    </ClInclude>
    <ClInclude Include="TestScene.h">
      <Filter>MainGameFile</Filter>
    </ClInclude>
  </ItemGroup>
  <ItemGroup>
    <ClCompile Include="DigDugCharacter.cpp">
      <Filter>YourFiles</Filter>
    </ClCompile>
    <ClCompile Include="pch.cpp">
      <Filter>CORE</Filter>
    </ClCompile>
    <ClCompile Include="Game.cpp">
      <Filter>MainGameFile</Filter>
    </ClCompile>
    <ClCompile Include="Prefabs.cpp">
      <Filter>YourFiles</Filter>
    </ClCompile>
    <ClCompile Include="InputResponses.cpp">
      <Filter>YourFiles</Filter>
    </ClCompile>
    <ClCompile Include="States.cpp">
      <Filter>YourFiles</Filter>
    </ClCompile>
    <ClCompile Include="CollisionResponses.cpp">
      <Filter>YourFiles</Filter>
    </ClCompile>
    <ClCompile Include="TestScene.cpp">
      <Filter>MainGameFile</Filter>
    </ClCompile>
  </ItemGroup>
</Project>